
Microsoft Visual Studio Solution File, Format Version 12.00
# Visual Studio Version 17
VisualStudioVersion = 17.0.31903.59
MinimumVisualStudioVersion = 10.0.40219.1
Project("{2150E333-8FDC-42A3-9474-1A3956D46DE8}") = "App", "App", "{38758D08-C422-4801-849D-980F8D6ECA18}"
EndProject
Project("{2150E333-8FDC-42A3-9474-1A3956D46DE8}") = "Core", "Core", "{D7EC89B7-2AAE-43B5-8D67-0BBB7AF43600}"
EndProject
Project("{FAE04EC0-301F-11D3-BF4B-00C04F79EFBC}") = "Leaf.Core", "App\Core\Leaf.Core\Leaf.Core.csproj", "{F1F9773D-520F-4055-B893-D499B50D3512}"
EndProject
Project("{2150E333-8FDC-42A3-9474-1A3956D46DE8}") = "Features", "Features", "{CCB7D731-0990-4A5D-A40D-E768345355FF}"
EndProject
Project("{FAE04EC0-301F-11D3-BF4B-00C04F79EFBC}") = "Leaf.Features", "App\Features\Leaf.Features\Leaf.Features.csproj", "{59D27312-111E-47E5-A47B-B97224BEEEFD}"
EndProject
Project("{2150E333-8FDC-42A3-9474-1A3956D46DE8}") = "Runtime", "Runtime", "{5F91293F-653B-4920-A342-E5E94961A76F}"
EndProject
Project("{FAE04EC0-301F-11D3-BF4B-00C04F79EFBC}") = "Leaf.Runtime", "App\Runtime\Leaf.Runtime\Leaf.Runtime.csproj", "{C7B44CBA-85A1-4A26-9421-1EC3D19FFE8D}"
EndProject
Project("{2150E333-8FDC-42A3-9474-1A3956D46DE8}") = "Infrastructure", "Infrastructure", "{B2D8BF53-1F0D-4E1B-B7D1-B6237E6A68B8}"
EndProject
Project("{FAE04EC0-301F-11D3-BF4B-00C04F79EFBC}") = "Leaf.Infrastructure", "App\Infrastructure\Leaf.Infrastructure\Leaf.Infrastructure.csproj", "{EC29A77F-B837-4B6D-B12C-DDF84C35942B}"
EndProject
Project("{2150E333-8FDC-42A3-9474-1A3956D46DE8}") = "UI", "UI", "{EB027311-F300-440B-B4C1-12F3DFD657CD}"
EndProject
Project("{FAE04EC0-301F-11D3-BF4B-00C04F79EFBC}") = "Leaf.Web", "App\UI\Leaf.Web\Leaf.Web.csproj", "{F133E28C-9153-4C37-BE85-CBA80531B65B}"
EndProject
Project("{2150E333-8FDC-42A3-9474-1A3956D46DE8}") = "Tests", "Tests", "{B4F14046-2935-4BAC-B4A5-DA545976C5AE}"
EndProject
Project("{FAE04EC0-301F-11D3-BF4B-00C04F79EFBC}") = "Leaf.Tests", "App\Tests\Leaf.Tests\Leaf.Tests.csproj", "{3C73BA0A-2C78-4F7E-B28B-AA7804EF09F1}"
EndProject
Global
	GlobalSection(SolutionConfigurationPlatforms) = preSolution
		Debug|Any CPU = Debug|Any CPU
		Release|Any CPU = Release|Any CPU
	EndGlobalSection
	GlobalSection(SolutionProperties) = preSolution
		HideSolutionNode = FALSE
	EndGlobalSection
	GlobalSection(ProjectConfigurationPlatforms) = postSolution
		{F1F9773D-520F-4055-B893-D499B50D3512}.Debug|Any CPU.ActiveCfg = Debug|Any CPU
		{F1F9773D-520F-4055-B893-D499B50D3512}.Debug|Any CPU.Build.0 = Debug|Any CPU
		{F1F9773D-520F-4055-B893-D499B50D3512}.Release|Any CPU.ActiveCfg = Release|Any CPU
		{F1F9773D-520F-4055-B893-D499B50D3512}.Release|Any CPU.Build.0 = Release|Any CPU
		{59D27312-111E-47E5-A47B-B97224BEEEFD}.Debug|Any CPU.ActiveCfg = Debug|Any CPU
		{59D27312-111E-47E5-A47B-B97224BEEEFD}.Debug|Any CPU.Build.0 = Debug|Any CPU
		{59D27312-111E-47E5-A47B-B97224BEEEFD}.Release|Any CPU.ActiveCfg = Release|Any CPU
		{59D27312-111E-47E5-A47B-B97224BEEEFD}.Release|Any CPU.Build.0 = Release|Any CPU
		{C7B44CBA-85A1-4A26-9421-1EC3D19FFE8D}.Debug|Any CPU.ActiveCfg = Debug|Any CPU
		{C7B44CBA-85A1-4A26-9421-1EC3D19FFE8D}.Debug|Any CPU.Build.0 = Debug|Any CPU
		{C7B44CBA-85A1-4A26-9421-1EC3D19FFE8D}.Release|Any CPU.ActiveCfg = Release|Any CPU
		{C7B44CBA-85A1-4A26-9421-1EC3D19FFE8D}.Release|Any CPU.Build.0 = Release|Any CPU
		{EC29A77F-B837-4B6D-B12C-DDF84C35942B}.Debug|Any CPU.ActiveCfg = Debug|Any CPU
		{EC29A77F-B837-4B6D-B12C-DDF84C35942B}.Debug|Any CPU.Build.0 = Debug|Any CPU
		{EC29A77F-B837-4B6D-B12C-DDF84C35942B}.Release|Any CPU.ActiveCfg = Release|Any CPU
		{EC29A77F-B837-4B6D-B12C-DDF84C35942B}.Release|Any CPU.Build.0 = Release|Any CPU
		{F133E28C-9153-4C37-BE85-CBA80531B65B}.Debug|Any CPU.ActiveCfg = Debug|Any CPU
		{F133E28C-9153-4C37-BE85-CBA80531B65B}.Debug|Any CPU.Build.0 = Debug|Any CPU
		{F133E28C-9153-4C37-BE85-CBA80531B65B}.Release|Any CPU.ActiveCfg = Release|Any CPU
		{F133E28C-9153-4C37-BE85-CBA80531B65B}.Release|Any CPU.Build.0 = Release|Any CPU
		{3C73BA0A-2C78-4F7E-B28B-AA7804EF09F1}.Debug|Any CPU.ActiveCfg = Debug|Any CPU
		{3C73BA0A-2C78-4F7E-B28B-AA7804EF09F1}.Debug|Any CPU.Build.0 = Debug|Any CPU
		{3C73BA0A-2C78-4F7E-B28B-AA7804EF09F1}.Release|Any CPU.ActiveCfg = Release|Any CPU
		{3C73BA0A-2C78-4F7E-B28B-AA7804EF09F1}.Release|Any CPU.Build.0 = Release|Any CPU
	EndGlobalSection
	GlobalSection(NestedProjects) = preSolution
		{D7EC89B7-2AAE-43B5-8D67-0BBB7AF43600} = {38758D08-C422-4801-849D-980F8D6ECA18}
		{F1F9773D-520F-4055-B893-D499B50D3512} = {D7EC89B7-2AAE-43B5-8D67-0BBB7AF43600}
		{CCB7D731-0990-4A5D-A40D-E768345355FF} = {38758D08-C422-4801-849D-980F8D6ECA18}
		{59D27312-111E-47E5-A47B-B97224BEEEFD} = {CCB7D731-0990-4A5D-A40D-E768345355FF}
		{5F91293F-653B-4920-A342-E5E94961A76F} = {38758D08-C422-4801-849D-980F8D6ECA18}
		{C7B44CBA-85A1-4A26-9421-1EC3D19FFE8D} = {5F91293F-653B-4920-A342-E5E94961A76F}
		{B2D8BF53-1F0D-4E1B-B7D1-B6237E6A68B8} = {38758D08-C422-4801-849D-980F8D6ECA18}
		{EC29A77F-B837-4B6D-B12C-DDF84C35942B} = {B2D8BF53-1F0D-4E1B-B7D1-B6237E6A68B8}
		{EB027311-F300-440B-B4C1-12F3DFD657CD} = {38758D08-C422-4801-849D-980F8D6ECA18}
		{F133E28C-9153-4C37-BE85-CBA80531B65B} = {EB027311-F300-440B-B4C1-12F3DFD657CD}
		{B4F14046-2935-4BAC-B4A5-DA545976C5AE} = {38758D08-C422-4801-849D-980F8D6ECA18}
		{3C73BA0A-2C78-4F7E-B28B-AA7804EF09F1} = {B4F14046-2935-4BAC-B4A5-DA545976C5AE}
	EndGlobalSection
EndGlobal
